
Microsoft Visual Studio Solution File, Format Version 12.00
# Visual Studio Version 17
VisualStudioVersion = 17.3.32922.545
MinimumVisualStudioVersion = 10.0.40219.1
Project("{9A19103F-16F7-4668-BE54-9A1E7A4F7556}") = "LinearExpressions1", "LinearExpressions1\LinearExpressions1.csproj", "{2D1F3502-4E88-4B45-A561-9B3228B5EAA6}"
EndProject
Project("{FAE04EC0-301F-11D3-BF4B-00C04F79EFBC}") = "LinearExpressions2", "LinearExpressions2\LinearExpressions2.csproj", "{C1E5608E-CCC0-4F1F-916C-1E1826348005}"
EndProject
Global
	GlobalSection(SolutionConfigurationPlatforms) = preSolution
		Debug|Any CPU = Debug|Any CPU
		Release|Any CPU = Release|Any CPU
	EndGlobalSection
	GlobalSection(ProjectConfigurationPlatforms) = postSolution
		{2D1F3502-4E88-4B45-A561-9B3228B5EAA6}.Debug|Any CPU.ActiveCfg = Debug|Any CPU
		{2D1F3502-4E88-4B45-A561-9B3228B5EAA6}.Debug|Any CPU.Build.0 = Debug|Any CPU
		{2D1F3502-4E88-4B45-A561-9B3228B5EAA6}.Release|Any CPU.ActiveCfg = Release|Any CPU
		{2D1F3502-4E88-4B45-A561-9B3228B5EAA6}.Release|Any CPU.Build.0 = Release|Any CPU
		{C1E5608E-CCC0-4F1F-916C-1E1826348005}.Debug|Any CPU.ActiveCfg = Debug|Any CPU
		{C1E5608E-CCC0-4F1F-916C-1E1826348005}.Debug|Any CPU.Build.0 = Debug|Any CPU
		{C1E5608E-CCC0-4F1F-916C-1E1826348005}.Release|Any CPU.ActiveCfg = Release|Any CPU
		{C1E5608E-CCC0-4F1F-916C-1E1826348005}.Release|Any CPU.Build.0 = Release|Any CPU
	EndGlobalSection
	GlobalSection(SolutionProperties) = preSolution
		HideSolutionNode = FALSE
	EndGlobalSection
	GlobalSection(ExtensibilityGlobals) = postSolution
		SolutionGuid = {03C6E307-073B-4A1F-AEFF-BECA297C20CC}
	EndGlobalSection
EndGlobal
